github.com/vskurikhin/gotool v0.0.0-20240105082849-398ef8bedcbd h1:uQre+nFKmVLeVshW4l62a2/uwGRpFdewmuRGZQYSzBk=
github.com/vskurikhin/gotool v0.0.0-20240105082849-398ef8bedcbd/go.mod h1:QwZMRcAMftBcuObWohIVoXbxewf0hXHKxd0uR56c0/s=
golang.org/x/net v0.0.0-20210929193557-e81a3d93ecf6 h1:Z04ewVs7JhXaYkmDhBERPi41gnltfQpMWDnTnQbaCqk=
golang.org/x/net v0.0.0-20210929193557-e81a3d93ecf6/go.mod h1:9nx3DQGgdP8bBQD5qxJ1jj9UTztislL4KSBs9R2vV5Y=
